
Microsoft Visual Studio Solution File, Format Version 11.00
# Visual Studio 2010
Project("{F184B08F-C81C-45F6-A57F-5ABD9991F28F}") = "UnInstaller2012", "UnInstaller2012\UnInstaller2012.vbproj", "{FB6B6EA9-06C0-425E-9923-76DAD19F3EF7}"
EndProject
Global
	GlobalSection(SolutionConfigurationPlatforms) = preSolution
		Debug|x86 = Debug|x86
		Release|x86 = Release|x86
	EndGlobalSection
	GlobalSection(ProjectConfigurationPlatforms) = postSolution
		{FB6B6EA9-06C0-425E-9923-76DAD19F3EF7}.Debug|x86.ActiveCfg = Debug|x86
		{FB6B6EA9-06C0-425E-9923-76DAD19F3EF7}.Debug|x86.Build.0 = Debug|x86
		{FB6B6EA9-06C0-425E-9923-76DAD19F3EF7}.Release|x86.ActiveCfg = Release|x86
		{FB6B6EA9-06C0-425E-9923-76DAD19F3EF7}.Release|x86.Build.0 = Release|x86
	EndGlobalSection
	GlobalSection(SolutionProperties) = preSolution
		HideSolutionNode = FALSE
	EndGlobalSection
EndGlobal
